
Microsoft Visual Studio Solution File, Format Version 12.00
# Visual Studio 14
VisualStudioVersion = 14.0.24720.0
MinimumVisualStudioVersion = 10.0.40219.1
Project("{FAE04EC0-301F-11D3-BF4B-00C04F79EFBC}") = "Aegir", "Aegir\Aegir.csproj", "{0A191B99-41F1-4E8C-8C9F-EF4A4497A9C1}"
EndProject
Project("{FAE04EC0-301F-11D3-BF4B-00C04F79EFBC}") = "AegirCore", "AegirCore\AegirCore.csproj", "{46062537-69CF-4E4B-BEA5-0337499D2AF9}"
EndProject
Project("{FAE04EC0-301F-11D3-BF4B-00C04F79EFBC}") = "AegirNetwork", "AegirNetwork\AegirNetwork.csproj", "{317D2C75-D643-47A2-AD18-071DABBE0E5D}"
EndProject
Project("{FAE04EC0-301F-11D3-BF4B-00C04F79EFBC}") = "AegirType", "AegirMath\AegirType.csproj", "{D69E72F0-2C6B-4C14-A6F8-9FE3F9059395}"
EndProject
Project("{FAE04EC0-301F-11D3-BF4B-00C04F79EFBC}") = "AegirMathTest", "AegirMathTest\AegirMathTest.csproj", "{0425E499-2EA6-4A12-9F77-BE6A512AA910}"
EndProject
Project("{FAE04EC0-301F-11D3-BF4B-00C04F79EFBC}") = "AegirViewHelper", "AegirViewHelper\AegirViewHelper.csproj", "{9F91C0D0-0845-49C8-9EB5-FEB1174F765C}"
EndProject
Project("{FAE04EC0-301F-11D3-BF4B-00C04F79EFBC}") = "AegirCoreTest", "AegirCoreTest\AegirCoreTest.csproj", "{E902381D-6DA7-490F-85EF-2FF7EF5C005A}"
EndProject
Project("{FAE04EC0-301F-11D3-BF4B-00C04F79EFBC}") = "TestBench", "TestBench\TestBench.csproj", "{7305EF3B-A9CE-4280-8652-9680478E595C}"
EndProject
Project("{FAE04EC0-301F-11D3-BF4B-00C04F79EFBC}") = "ViewTools", "ViewTools\ViewTools.csproj", "{117A5DF9-A408-44F3-90CC-B83D149E7EBC}"
EndProject
Project("{FAE04EC0-301F-11D3-BF4B-00C04F79EFBC}") = "ViewPropertyGrid", "ViewPropertyGrid\ViewPropertyGrid.csproj", "{4151F55A-E041-49B5-BA96-BCBE07EDFA78}"
EndProject
Project("{FAE04EC0-301F-11D3-BF4B-00C04F79EFBC}") = "AegirPresets", "AegirPresets\AegirPresets.csproj", "{82462DF5-86EB-4F74-82F5-73CEC9A4BA74}"
EndProject
Global
	GlobalSection(SolutionConfigurationPlatforms) = preSolution
		Debug|Any CPU = Debug|Any CPU
		Release|Any CPU = Release|Any CPU
	EndGlobalSection
	GlobalSection(ProjectConfigurationPlatforms) = postSolution
		{0A191B99-41F1-4E8C-8C9F-EF4A4497A9C1}.Debug|Any CPU.ActiveCfg = Debug|Any CPU
		{0A191B99-41F1-4E8C-8C9F-EF4A4497A9C1}.Debug|Any CPU.Build.0 = Debug|Any CPU
		{0A191B99-41F1-4E8C-8C9F-EF4A4497A9C1}.Release|Any CPU.ActiveCfg = Release|Any CPU
		{0A191B99-41F1-4E8C-8C9F-EF4A4497A9C1}.Release|Any CPU.Build.0 = Release|Any CPU
		{46062537-69CF-4E4B-BEA5-0337499D2AF9}.Debug|Any CPU.ActiveCfg = Debug|Any CPU
		{46062537-69CF-4E4B-BEA5-0337499D2AF9}.Debug|Any CPU.Build.0 = Debug|Any CPU
		{46062537-69CF-4E4B-BEA5-0337499D2AF9}.Release|Any CPU.ActiveCfg = Release|Any CPU
		{46062537-69CF-4E4B-BEA5-0337499D2AF9}.Release|Any CPU.Build.0 = Release|Any CPU
		{317D2C75-D643-47A2-AD18-071DABBE0E5D}.Debug|Any CPU.ActiveCfg = Debug|Any CPU
		{317D2C75-D643-47A2-AD18-071DABBE0E5D}.Debug|Any CPU.Build.0 = Debug|Any CPU
		{317D2C75-D643-47A2-AD18-071DABBE0E5D}.Release|Any CPU.ActiveCfg = Release|Any CPU
		{317D2C75-D643-47A2-AD18-071DABBE0E5D}.Release|Any CPU.Build.0 = Release|Any CPU
		{D69E72F0-2C6B-4C14-A6F8-9FE3F9059395}.Debug|Any CPU.ActiveCfg = Debug|Any CPU
		{D69E72F0-2C6B-4C14-A6F8-9FE3F9059395}.Debug|Any CPU.Build.0 = Debug|Any CPU
		{D69E72F0-2C6B-4C14-A6F8-9FE3F9059395}.Release|Any CPU.ActiveCfg = Release|Any CPU
		{D69E72F0-2C6B-4C14-A6F8-9FE3F9059395}.Release|Any CPU.Build.0 = Release|Any CPU
		{0425E499-2EA6-4A12-9F77-BE6A512AA910}.Debug|Any CPU.ActiveCfg = Debug|Any CPU
		{0425E499-2EA6-4A12-9F77-BE6A512AA910}.Debug|Any CPU.Build.0 = Debug|Any CPU
		{0425E499-2EA6-4A12-9F77-BE6A512AA910}.Release|Any CPU.ActiveCfg = Release|Any CPU
		{0425E499-2EA6-4A12-9F77-BE6A512AA910}.Release|Any CPU.Build.0 = Release|Any CPU
		{9F91C0D0-0845-49C8-9EB5-FEB1174F765C}.Debug|Any CPU.ActiveCfg = Debug|Any CPU
		{9F91C0D0-0845-49C8-9EB5-FEB1174F765C}.Debug|Any CPU.Build.0 = Debug|Any CPU
		{9F91C0D0-0845-49C8-9EB5-FEB1174F765C}.Release|Any CPU.ActiveCfg = Release|Any CPU
		{9F91C0D0-0845-49C8-9EB5-FEB1174F765C}.Release|Any CPU.Build.0 = Release|Any CPU
		{E902381D-6DA7-490F-85EF-2FF7EF5C005A}.Debug|Any CPU.ActiveCfg = Debug|Any CPU
		{E902381D-6DA7-490F-85EF-2FF7EF5C005A}.Debug|Any CPU.Build.0 = Debug|Any CPU
		{E902381D-6DA7-490F-85EF-2FF7EF5C005A}.Release|Any CPU.ActiveCfg = Release|Any CPU
		{E902381D-6DA7-490F-85EF-2FF7EF5C005A}.Release|Any CPU.Build.0 = Release|Any CPU
		{7305EF3B-A9CE-4280-8652-9680478E595C}.Debug|Any CPU.ActiveCfg = Debug|Any CPU
		{7305EF3B-A9CE-4280-8652-9680478E595C}.Debug|Any CPU.Build.0 = Debug|Any CPU
		{7305EF3B-A9CE-4280-8652-9680478E595C}.Release|Any CPU.ActiveCfg = Release|Any CPU
		{7305EF3B-A9CE-4280-8652-9680478E595C}.Release|Any CPU.Build.0 = Release|Any CPU
		{117A5DF9-A408-44F3-90CC-B83D149E7EBC}.Debug|Any CPU.ActiveCfg = Debug|Any CPU
		{117A5DF9-A408-44F3-90CC-B83D149E7EBC}.Debug|Any CPU.Build.0 = Debug|Any CPU
		{117A5DF9-A408-44F3-90CC-B83D149E7EBC}.Release|Any CPU.ActiveCfg = Release|Any CPU
		{117A5DF9-A408-44F3-90CC-B83D149E7EBC}.Release|Any CPU.Build.0 = Release|Any CPU
		{4151F55A-E041-49B5-BA96-BCBE07EDFA78}.Debug|Any CPU.ActiveCfg = Debug|Any CPU
		{4151F55A-E041-49B5-BA96-BCBE07EDFA78}.Debug|Any CPU.Build.0 = Debug|Any CPU
		{4151F55A-E041-49B5-BA96-BCBE07EDFA78}.Release|Any CPU.ActiveCfg = Release|Any CPU
		{4151F55A-E041-49B5-BA96-BCBE07EDFA78}.Release|Any CPU.Build.0 = Release|Any CPU
		{82462DF5-86EB-4F74-82F5-73CEC9A4BA74}.Debug|Any CPU.ActiveCfg = Debug|Any CPU
		{82462DF5-86EB-4F74-82F5-73CEC9A4BA74}.Debug|Any CPU.Build.0 = Debug|Any CPU
		{82462DF5-86EB-4F74-82F5-73CEC9A4BA74}.Release|Any CPU.ActiveCfg = Release|Any CPU
		{82462DF5-86EB-4F74-82F5-73CEC9A4BA74}.Release|Any CPU.Build.0 = Release|Any CPU
	EndGlobalSection
	GlobalSection(SolutionProperties) = preSolution
		HideSolutionNode = FALSE
	EndGlobalSection
EndGlobal
