
Microsoft Visual Studio Solution File, Format Version 12.00
# Visual Studio 14
VisualStudioVersion = 14.0.25420.1
MinimumVisualStudioVersion = 10.0.40219.1
Project("{FAE04EC0-301F-11D3-BF4B-00C04F79EFBC}") = "Aegir", "Aegir\Aegir.csproj", "{0A191B99-41F1-4E8C-8C9F-EF4A4497A9C1}"
EndProject
Project("{FAE04EC0-301F-11D3-BF4B-00C04F79EFBC}") = "AegirCore", "AegirCore\AegirCore.csproj", "{46062537-69CF-4E4B-BEA5-0337499D2AF9}"
EndProject
Project("{FAE04EC0-301F-11D3-BF4B-00C04F79EFBC}") = "AegirCoreTest", "AegirCoreTest\AegirCoreTest.csproj", "{E902381D-6DA7-490F-85EF-2FF7EF5C005A}"
EndProject
Project("{FAE04EC0-301F-11D3-BF4B-00C04F79EFBC}") = "ViewPropertyGrid", "ViewPropertyGrid\ViewPropertyGrid.csproj", "{4151F55A-E041-49B5-BA96-BCBE07EDFA78}"
EndProject
Project("{FAE04EC0-301F-11D3-BF4B-00C04F79EFBC}") = "AegirPresets", "AegirPresets\AegirPresets.csproj", "{82462DF5-86EB-4F74-82F5-73CEC9A4BA74}"
EndProject
Project("{FAE04EC0-301F-11D3-BF4B-00C04F79EFBC}") = "AegirAssets", "AegirAssets\AegirAssets.csproj", "{C502BBCC-C75E-4D36-981A-4DF1E9EE13D6}"
EndProject
Project("{FAE04EC0-301F-11D3-BF4B-00C04F79EFBC}") = "HelixToolkit.Wpf", "HelixToolkit.Wpf\HelixToolkit.Wpf.csproj", "{3F3B4548-A9DB-4874-86F7-E7C4FEC8A351}"
EndProject
Global
	GlobalSection(SolutionConfigurationPlatforms) = preSolution
		Debug|Any CPU = Debug|Any CPU
		Debug|x64 = Debug|x64
		Debug|x86 = Debug|x86
		Release|Any CPU = Release|Any CPU
		Release|x64 = Release|x64
		Release|x86 = Release|x86
		ReleaseX64|Any CPU = ReleaseX64|Any CPU
		ReleaseX64|x64 = ReleaseX64|x64
		ReleaseX64|x86 = ReleaseX64|x86
	EndGlobalSection
	GlobalSection(ProjectConfigurationPlatforms) = postSolution
		{0A191B99-41F1-4E8C-8C9F-EF4A4497A9C1}.Debug|Any CPU.ActiveCfg = Debug|Any CPU
		{0A191B99-41F1-4E8C-8C9F-EF4A4497A9C1}.Debug|Any CPU.Build.0 = Debug|Any CPU
		{0A191B99-41F1-4E8C-8C9F-EF4A4497A9C1}.Debug|x64.ActiveCfg = Debug|Any CPU
		{0A191B99-41F1-4E8C-8C9F-EF4A4497A9C1}.Debug|x64.Build.0 = Debug|Any CPU
		{0A191B99-41F1-4E8C-8C9F-EF4A4497A9C1}.Debug|x86.ActiveCfg = Debug|Any CPU
		{0A191B99-41F1-4E8C-8C9F-EF4A4497A9C1}.Debug|x86.Build.0 = Debug|Any CPU
		{0A191B99-41F1-4E8C-8C9F-EF4A4497A9C1}.Release|Any CPU.ActiveCfg = Release|Any CPU
		{0A191B99-41F1-4E8C-8C9F-EF4A4497A9C1}.Release|Any CPU.Build.0 = Release|Any CPU
		{0A191B99-41F1-4E8C-8C9F-EF4A4497A9C1}.Release|x64.ActiveCfg = Release|Any CPU
		{0A191B99-41F1-4E8C-8C9F-EF4A4497A9C1}.Release|x64.Build.0 = Release|Any CPU
		{0A191B99-41F1-4E8C-8C9F-EF4A4497A9C1}.Release|x86.ActiveCfg = Release|Any CPU
		{0A191B99-41F1-4E8C-8C9F-EF4A4497A9C1}.Release|x86.Build.0 = Release|Any CPU
		{0A191B99-41F1-4E8C-8C9F-EF4A4497A9C1}.ReleaseX64|Any CPU.ActiveCfg = ReleaseX64|x64
		{0A191B99-41F1-4E8C-8C9F-EF4A4497A9C1}.ReleaseX64|Any CPU.Build.0 = ReleaseX64|x64
		{0A191B99-41F1-4E8C-8C9F-EF4A4497A9C1}.ReleaseX64|x64.ActiveCfg = ReleaseX64|x64
		{0A191B99-41F1-4E8C-8C9F-EF4A4497A9C1}.ReleaseX64|x64.Build.0 = ReleaseX64|x64
		{0A191B99-41F1-4E8C-8C9F-EF4A4497A9C1}.ReleaseX64|x86.ActiveCfg = ReleaseX64|Any CPU
		{0A191B99-41F1-4E8C-8C9F-EF4A4497A9C1}.ReleaseX64|x86.Build.0 = ReleaseX64|Any CPU
		{46062537-69CF-4E4B-BEA5-0337499D2AF9}.Debug|Any CPU.ActiveCfg = Debug|Any CPU
		{46062537-69CF-4E4B-BEA5-0337499D2AF9}.Debug|Any CPU.Build.0 = Debug|Any CPU
		{46062537-69CF-4E4B-BEA5-0337499D2AF9}.Debug|x64.ActiveCfg = Debug|Any CPU
		{46062537-69CF-4E4B-BEA5-0337499D2AF9}.Debug|x64.Build.0 = Debug|Any CPU
		{46062537-69CF-4E4B-BEA5-0337499D2AF9}.Debug|x86.ActiveCfg = Debug|Any CPU
		{46062537-69CF-4E4B-BEA5-0337499D2AF9}.Debug|x86.Build.0 = Debug|Any CPU
		{46062537-69CF-4E4B-BEA5-0337499D2AF9}.Release|Any CPU.ActiveCfg = Release|Any CPU
		{46062537-69CF-4E4B-BEA5-0337499D2AF9}.Release|Any CPU.Build.0 = Release|Any CPU
		{46062537-69CF-4E4B-BEA5-0337499D2AF9}.Release|x64.ActiveCfg = Release|Any CPU
		{46062537-69CF-4E4B-BEA5-0337499D2AF9}.Release|x64.Build.0 = Release|Any CPU
		{46062537-69CF-4E4B-BEA5-0337499D2AF9}.Release|x86.ActiveCfg = Release|Any CPU
		{46062537-69CF-4E4B-BEA5-0337499D2AF9}.Release|x86.Build.0 = Release|Any CPU
		{46062537-69CF-4E4B-BEA5-0337499D2AF9}.ReleaseX64|Any CPU.ActiveCfg = ReleaseX64|x64
		{46062537-69CF-4E4B-BEA5-0337499D2AF9}.ReleaseX64|Any CPU.Build.0 = ReleaseX64|x64
		{46062537-69CF-4E4B-BEA5-0337499D2AF9}.ReleaseX64|x64.ActiveCfg = ReleaseX64|x64
		{46062537-69CF-4E4B-BEA5-0337499D2AF9}.ReleaseX64|x64.Build.0 = ReleaseX64|x64
		{46062537-69CF-4E4B-BEA5-0337499D2AF9}.ReleaseX64|x86.ActiveCfg = ReleaseX64|Any CPU
		{46062537-69CF-4E4B-BEA5-0337499D2AF9}.ReleaseX64|x86.Build.0 = ReleaseX64|Any CPU
		{E902381D-6DA7-490F-85EF-2FF7EF5C005A}.Debug|Any CPU.ActiveCfg = Debug|Any CPU
		{E902381D-6DA7-490F-85EF-2FF7EF5C005A}.Debug|Any CPU.Build.0 = Debug|Any CPU
		{E902381D-6DA7-490F-85EF-2FF7EF5C005A}.Debug|x64.ActiveCfg = Debug|Any CPU
		{E902381D-6DA7-490F-85EF-2FF7EF5C005A}.Debug|x64.Build.0 = Debug|Any CPU
		{E902381D-6DA7-490F-85EF-2FF7EF5C005A}.Debug|x86.ActiveCfg = Debug|Any CPU
		{E902381D-6DA7-490F-85EF-2FF7EF5C005A}.Debug|x86.Build.0 = Debug|Any CPU
		{E902381D-6DA7-490F-85EF-2FF7EF5C005A}.Release|Any CPU.ActiveCfg = Release|Any CPU
		{E902381D-6DA7-490F-85EF-2FF7EF5C005A}.Release|Any CPU.Build.0 = Release|Any CPU
		{E902381D-6DA7-490F-85EF-2FF7EF5C005A}.Release|x64.ActiveCfg = Release|Any CPU
		{E902381D-6DA7-490F-85EF-2FF7EF5C005A}.Release|x64.Build.0 = Release|Any CPU
		{E902381D-6DA7-490F-85EF-2FF7EF5C005A}.Release|x86.ActiveCfg = Release|Any CPU
		{E902381D-6DA7-490F-85EF-2FF7EF5C005A}.Release|x86.Build.0 = Release|Any CPU
		{E902381D-6DA7-490F-85EF-2FF7EF5C005A}.ReleaseX64|Any CPU.ActiveCfg = ReleaseX64|x64
		{E902381D-6DA7-490F-85EF-2FF7EF5C005A}.ReleaseX64|Any CPU.Build.0 = ReleaseX64|x64
		{E902381D-6DA7-490F-85EF-2FF7EF5C005A}.ReleaseX64|x64.ActiveCfg = ReleaseX64|x64
		{E902381D-6DA7-490F-85EF-2FF7EF5C005A}.ReleaseX64|x64.Build.0 = ReleaseX64|x64
		{E902381D-6DA7-490F-85EF-2FF7EF5C005A}.ReleaseX64|x86.ActiveCfg = ReleaseX64|Any CPU
		{E902381D-6DA7-490F-85EF-2FF7EF5C005A}.ReleaseX64|x86.Build.0 = ReleaseX64|Any CPU
		{4151F55A-E041-49B5-BA96-BCBE07EDFA78}.Debug|Any CPU.ActiveCfg = Debug|Any CPU
		{4151F55A-E041-49B5-BA96-BCBE07EDFA78}.Debug|Any CPU.Build.0 = Debug|Any CPU
		{4151F55A-E041-49B5-BA96-BCBE07EDFA78}.Debug|x64.ActiveCfg = Debug|Any CPU
		{4151F55A-E041-49B5-BA96-BCBE07EDFA78}.Debug|x64.Build.0 = Debug|Any CPU
		{4151F55A-E041-49B5-BA96-BCBE07EDFA78}.Debug|x86.ActiveCfg = Debug|Any CPU
		{4151F55A-E041-49B5-BA96-BCBE07EDFA78}.Debug|x86.Build.0 = Debug|Any CPU
		{4151F55A-E041-49B5-BA96-BCBE07EDFA78}.Release|Any CPU.ActiveCfg = Release|Any CPU
		{4151F55A-E041-49B5-BA96-BCBE07EDFA78}.Release|Any CPU.Build.0 = Release|Any CPU
		{4151F55A-E041-49B5-BA96-BCBE07EDFA78}.Release|x64.ActiveCfg = Release|Any CPU
		{4151F55A-E041-49B5-BA96-BCBE07EDFA78}.Release|x64.Build.0 = Release|Any CPU
		{4151F55A-E041-49B5-BA96-BCBE07EDFA78}.Release|x86.ActiveCfg = Release|Any CPU
		{4151F55A-E041-49B5-BA96-BCBE07EDFA78}.Release|x86.Build.0 = Release|Any CPU
		{4151F55A-E041-49B5-BA96-BCBE07EDFA78}.ReleaseX64|Any CPU.ActiveCfg = ReleaseX64|x64
		{4151F55A-E041-49B5-BA96-BCBE07EDFA78}.ReleaseX64|Any CPU.Build.0 = ReleaseX64|x64
		{4151F55A-E041-49B5-BA96-BCBE07EDFA78}.ReleaseX64|x64.ActiveCfg = ReleaseX64|x64
		{4151F55A-E041-49B5-BA96-BCBE07EDFA78}.ReleaseX64|x64.Build.0 = ReleaseX64|x64
		{4151F55A-E041-49B5-BA96-BCBE07EDFA78}.ReleaseX64|x86.ActiveCfg = ReleaseX64|Any CPU
		{4151F55A-E041-49B5-BA96-BCBE07EDFA78}.ReleaseX64|x86.Build.0 = ReleaseX64|Any CPU
		{82462DF5-86EB-4F74-82F5-73CEC9A4BA74}.Debug|Any CPU.ActiveCfg = Debug|Any CPU
		{82462DF5-86EB-4F74-82F5-73CEC9A4BA74}.Debug|Any CPU.Build.0 = Debug|Any CPU
		{82462DF5-86EB-4F74-82F5-73CEC9A4BA74}.Debug|x64.ActiveCfg = Debug|Any CPU
		{82462DF5-86EB-4F74-82F5-73CEC9A4BA74}.Debug|x64.Build.0 = Debug|Any CPU
		{82462DF5-86EB-4F74-82F5-73CEC9A4BA74}.Debug|x86.ActiveCfg = Debug|Any CPU
		{82462DF5-86EB-4F74-82F5-73CEC9A4BA74}.Debug|x86.Build.0 = Debug|Any CPU
		{82462DF5-86EB-4F74-82F5-73CEC9A4BA74}.Release|Any CPU.ActiveCfg = Release|Any CPU
		{82462DF5-86EB-4F74-82F5-73CEC9A4BA74}.Release|Any CPU.Build.0 = Release|Any CPU
		{82462DF5-86EB-4F74-82F5-73CEC9A4BA74}.Release|x64.ActiveCfg = Release|Any CPU
		{82462DF5-86EB-4F74-82F5-73CEC9A4BA74}.Release|x64.Build.0 = Release|Any CPU
		{82462DF5-86EB-4F74-82F5-73CEC9A4BA74}.Release|x86.ActiveCfg = Release|Any CPU
		{82462DF5-86EB-4F74-82F5-73CEC9A4BA74}.Release|x86.Build.0 = Release|Any CPU
		{82462DF5-86EB-4F74-82F5-73CEC9A4BA74}.ReleaseX64|Any CPU.ActiveCfg = ReleaseX64|x64
		{82462DF5-86EB-4F74-82F5-73CEC9A4BA74}.ReleaseX64|Any CPU.Build.0 = ReleaseX64|x64
		{82462DF5-86EB-4F74-82F5-73CEC9A4BA74}.ReleaseX64|x64.ActiveCfg = ReleaseX64|x64
		{82462DF5-86EB-4F74-82F5-73CEC9A4BA74}.ReleaseX64|x64.Build.0 = ReleaseX64|x64
		{82462DF5-86EB-4F74-82F5-73CEC9A4BA74}.ReleaseX64|x86.ActiveCfg = ReleaseX64|Any CPU
		{82462DF5-86EB-4F74-82F5-73CEC9A4BA74}.ReleaseX64|x86.Build.0 = ReleaseX64|Any CPU
		{C502BBCC-C75E-4D36-981A-4DF1E9EE13D6}.Debug|Any CPU.ActiveCfg = Debug|Any CPU
		{C502BBCC-C75E-4D36-981A-4DF1E9EE13D6}.Debug|Any CPU.Build.0 = Debug|Any CPU
		{C502BBCC-C75E-4D36-981A-4DF1E9EE13D6}.Debug|x64.ActiveCfg = Debug|Any CPU
		{C502BBCC-C75E-4D36-981A-4DF1E9EE13D6}.Debug|x64.Build.0 = Debug|Any CPU
		{C502BBCC-C75E-4D36-981A-4DF1E9EE13D6}.Debug|x86.ActiveCfg = Debug|Any CPU
		{C502BBCC-C75E-4D36-981A-4DF1E9EE13D6}.Debug|x86.Build.0 = Debug|Any CPU
		{C502BBCC-C75E-4D36-981A-4DF1E9EE13D6}.Release|Any CPU.ActiveCfg = Release|Any CPU
		{C502BBCC-C75E-4D36-981A-4DF1E9EE13D6}.Release|Any CPU.Build.0 = Release|Any CPU
		{C502BBCC-C75E-4D36-981A-4DF1E9EE13D6}.Release|x64.ActiveCfg = Release|Any CPU
		{C502BBCC-C75E-4D36-981A-4DF1E9EE13D6}.Release|x64.Build.0 = Release|Any CPU
		{C502BBCC-C75E-4D36-981A-4DF1E9EE13D6}.Release|x86.ActiveCfg = Release|Any CPU
		{C502BBCC-C75E-4D36-981A-4DF1E9EE13D6}.Release|x86.Build.0 = Release|Any CPU
		{C502BBCC-C75E-4D36-981A-4DF1E9EE13D6}.ReleaseX64|Any CPU.ActiveCfg = ReleaseX64|x64
		{C502BBCC-C75E-4D36-981A-4DF1E9EE13D6}.ReleaseX64|Any CPU.Build.0 = ReleaseX64|x64
		{C502BBCC-C75E-4D36-981A-4DF1E9EE13D6}.ReleaseX64|x64.ActiveCfg = ReleaseX64|x64
		{C502BBCC-C75E-4D36-981A-4DF1E9EE13D6}.ReleaseX64|x64.Build.0 = ReleaseX64|x64
		{C502BBCC-C75E-4D36-981A-4DF1E9EE13D6}.ReleaseX64|x86.ActiveCfg = ReleaseX64|Any CPU
		{C502BBCC-C75E-4D36-981A-4DF1E9EE13D6}.ReleaseX64|x86.Build.0 = ReleaseX64|Any CPU
		{3F3B4548-A9DB-4874-86F7-E7C4FEC8A351}.Debug|Any CPU.ActiveCfg = Debug|Any CPU
		{3F3B4548-A9DB-4874-86F7-E7C4FEC8A351}.Debug|Any CPU.Build.0 = Debug|Any CPU
		{3F3B4548-A9DB-4874-86F7-E7C4FEC8A351}.Debug|x64.ActiveCfg = Debug|Any CPU
		{3F3B4548-A9DB-4874-86F7-E7C4FEC8A351}.Debug|x64.Build.0 = Debug|Any CPU
		{3F3B4548-A9DB-4874-86F7-E7C4FEC8A351}.Debug|x86.ActiveCfg = Debug|Any CPU
		{3F3B4548-A9DB-4874-86F7-E7C4FEC8A351}.Debug|x86.Build.0 = Debug|Any CPU
		{3F3B4548-A9DB-4874-86F7-E7C4FEC8A351}.Release|Any CPU.ActiveCfg = Release|Any CPU
		{3F3B4548-A9DB-4874-86F7-E7C4FEC8A351}.Release|Any CPU.Build.0 = Release|Any CPU
		{3F3B4548-A9DB-4874-86F7-E7C4FEC8A351}.Release|x64.ActiveCfg = Release|Any CPU
		{3F3B4548-A9DB-4874-86F7-E7C4FEC8A351}.Release|x64.Build.0 = Release|Any CPU
		{3F3B4548-A9DB-4874-86F7-E7C4FEC8A351}.Release|x86.ActiveCfg = Release|Any CPU
		{3F3B4548-A9DB-4874-86F7-E7C4FEC8A351}.Release|x86.Build.0 = Release|Any CPU
		{3F3B4548-A9DB-4874-86F7-E7C4FEC8A351}.ReleaseX64|Any CPU.ActiveCfg = ReleaseX64|x64
		{3F3B4548-A9DB-4874-86F7-E7C4FEC8A351}.ReleaseX64|Any CPU.Build.0 = ReleaseX64|x64
		{3F3B4548-A9DB-4874-86F7-E7C4FEC8A351}.ReleaseX64|x64.ActiveCfg = ReleaseX64|x64
		{3F3B4548-A9DB-4874-86F7-E7C4FEC8A351}.ReleaseX64|x64.Build.0 = ReleaseX64|x64
		{3F3B4548-A9DB-4874-86F7-E7C4FEC8A351}.ReleaseX64|x86.ActiveCfg = ReleaseX64|Any CPU
		{3F3B4548-A9DB-4874-86F7-E7C4FEC8A351}.ReleaseX64|x86.Build.0 = ReleaseX64|Any CPU
	EndGlobalSection
	GlobalSection(SolutionProperties) = preSolution
		HideSolutionNode = FALSE
	EndGlobalSection
EndGlobal
