
Microsoft Visual Studio Solution File, Format Version 12.00
# Visual Studio 2013
VisualStudioVersion = 12.0.30723.0
MinimumVisualStudioVersion = 10.0.40219.1
Project("{FAE04EC0-301F-11D3-BF4B-00C04F79EFBC}") = "Aegir", "Aegir\Aegir.csproj", "{A66048A1-71B8-4234-9EAD-3F5691A74678}"
EndProject
Project("{FAE04EC0-301F-11D3-BF4B-00C04F79EFBC}") = "AegirGLIntegration", "AegirGLIntegration\AegirGLIntegration.csproj", "{B611B992-D589-44C4-AF72-53D3C775A621}"
EndProject
Project("{FAE04EC0-301F-11D3-BF4B-00C04F79EFBC}") = "AegirLib", "AegirSimulation\AegirLib.csproj", "{B1096CF2-E224-4668-8410-93B1EE0A9991}"
EndProject
Project("{FAE04EC0-301F-11D3-BF4B-00C04F79EFBC}") = "AegirPlayer", "AegirPlayer\AegirPlayer.csproj", "{7FA5F67D-00D4-46FD-AF32-FA117849D83D}"
EndProject
Project("{2150E333-8FDC-42A3-9474-1A3956D46DE8}") = "Solution Items", "Solution Items", "{8B025459-ABED-4A32-8D0C-FF5E2C28D13F}"
	ProjectSection(SolutionItems) = preProject
		Performance1.psess = Performance1.psess
	EndProjectSection
EndProject
Global
	GlobalSection(SolutionConfigurationPlatforms) = preSolution
		Debug|Any CPU = Debug|Any CPU
		Debug|x86 = Debug|x86
		Release|Any CPU = Release|Any CPU
		Release|x86 = Release|x86
	EndGlobalSection
	GlobalSection(ProjectConfigurationPlatforms) = postSolution
		{A66048A1-71B8-4234-9EAD-3F5691A74678}.Debug|Any CPU.ActiveCfg = Debug|Any CPU
		{A66048A1-71B8-4234-9EAD-3F5691A74678}.Debug|Any CPU.Build.0 = Debug|Any CPU
		{A66048A1-71B8-4234-9EAD-3F5691A74678}.Debug|x86.ActiveCfg = Debug|x86
		{A66048A1-71B8-4234-9EAD-3F5691A74678}.Debug|x86.Build.0 = Debug|x86
		{A66048A1-71B8-4234-9EAD-3F5691A74678}.Release|Any CPU.ActiveCfg = Release|Any CPU
		{A66048A1-71B8-4234-9EAD-3F5691A74678}.Release|Any CPU.Build.0 = Release|Any CPU
		{A66048A1-71B8-4234-9EAD-3F5691A74678}.Release|x86.ActiveCfg = Release|x86
		{A66048A1-71B8-4234-9EAD-3F5691A74678}.Release|x86.Build.0 = Release|x86
		{B611B992-D589-44C4-AF72-53D3C775A621}.Debug|Any CPU.ActiveCfg = Debug|Any CPU
		{B611B992-D589-44C4-AF72-53D3C775A621}.Debug|Any CPU.Build.0 = Debug|Any CPU
		{B611B992-D589-44C4-AF72-53D3C775A621}.Debug|x86.ActiveCfg = Debug|Any CPU
		{B611B992-D589-44C4-AF72-53D3C775A621}.Debug|x86.Build.0 = Debug|Any CPU
		{B611B992-D589-44C4-AF72-53D3C775A621}.Release|Any CPU.ActiveCfg = Release|Any CPU
		{B611B992-D589-44C4-AF72-53D3C775A621}.Release|Any CPU.Build.0 = Release|Any CPU
		{B611B992-D589-44C4-AF72-53D3C775A621}.Release|x86.ActiveCfg = Release|Any CPU
		{B1096CF2-E224-4668-8410-93B1EE0A9991}.Debug|Any CPU.ActiveCfg = Debug|Any CPU
		{B1096CF2-E224-4668-8410-93B1EE0A9991}.Debug|Any CPU.Build.0 = Debug|Any CPU
		{B1096CF2-E224-4668-8410-93B1EE0A9991}.Debug|x86.ActiveCfg = Debug|Any CPU
		{B1096CF2-E224-4668-8410-93B1EE0A9991}.Debug|x86.Build.0 = Debug|Any CPU
		{B1096CF2-E224-4668-8410-93B1EE0A9991}.Release|Any CPU.ActiveCfg = Release|Any CPU
		{B1096CF2-E224-4668-8410-93B1EE0A9991}.Release|Any CPU.Build.0 = Release|Any CPU
		{B1096CF2-E224-4668-8410-93B1EE0A9991}.Release|x86.ActiveCfg = Release|Any CPU
		{7FA5F67D-00D4-46FD-AF32-FA117849D83D}.Debug|Any CPU.ActiveCfg = Debug|Any CPU
		{7FA5F67D-00D4-46FD-AF32-FA117849D83D}.Debug|Any CPU.Build.0 = Debug|Any CPU
		{7FA5F67D-00D4-46FD-AF32-FA117849D83D}.Debug|x86.ActiveCfg = Debug|Any CPU
		{7FA5F67D-00D4-46FD-AF32-FA117849D83D}.Release|Any CPU.ActiveCfg = Release|Any CPU
		{7FA5F67D-00D4-46FD-AF32-FA117849D83D}.Release|Any CPU.Build.0 = Release|Any CPU
		{7FA5F67D-00D4-46FD-AF32-FA117849D83D}.Release|x86.ActiveCfg = Release|Any CPU
	EndGlobalSection
	GlobalSection(SolutionProperties) = preSolution
		HideSolutionNode = FALSE
	EndGlobalSection
	GlobalSection(Performance) = preSolution
		HasPerformanceSessions = true
	EndGlobalSection
EndGlobal
